
Microsoft Visual Studio Solution File, Format Version 12.00
# Visual Studio Version 17
VisualStudioVersion = 17.5.33516.290
MinimumVisualStudioVersion = 10.0.40219.1
Project("{FAE04EC0-301F-11D3-BF4B-00C04F79EFBC}") = "TestTakip.EntityLayer", "TestTakip.EntityLayer\TestTakip.EntityLayer.csproj", "{9C6BCEB4-DE01-4907-9926-BF5A16DA1211}"
EndProject
Project("{FAE04EC0-301F-11D3-BF4B-00C04F79EFBC}") = "TestTakip.DataAccessLayer", "TestTakip.DataAccessLayer\TestTakip.DataAccessLayer.csproj", "{862AD7B1-985A-406C-ADEF-FD54141F25BE}"
EndProject
Project("{FAE04EC0-301F-11D3-BF4B-00C04F79EFBC}") = "TestTakip.BusinessLayer", "TestTakip.BusinessLayer\TestTakip.BusinessLayer.csproj", "{8D642B19-C9FD-41AB-9CCC-B5A83F38CB7F}"
EndProject
Project("{FAE04EC0-301F-11D3-BF4B-00C04F79EFBC}") = "TestTakip.PresentationLayer", "TestTakip.PresentationLayer\TestTakip.PresentationLayer.csproj", "{40CE6BA1-7C81-4265-8561-4C9524E8FC66}"
EndProject
Global
	GlobalSection(SolutionConfigurationPlatforms) = preSolution
		Debug|Any CPU = Debug|Any CPU
		Release|Any CPU = Release|Any CPU
	EndGlobalSection
	GlobalSection(ProjectConfigurationPlatforms) = postSolution
		{9C6BCEB4-DE01-4907-9926-BF5A16DA1211}.Debug|Any CPU.ActiveCfg = Debug|Any CPU
		{9C6BCEB4-DE01-4907-9926-BF5A16DA1211}.Debug|Any CPU.Build.0 = Debug|Any CPU
		{9C6BCEB4-DE01-4907-9926-BF5A16DA1211}.Release|Any CPU.ActiveCfg = Release|Any CPU
		{9C6BCEB4-DE01-4907-9926-BF5A16DA1211}.Release|Any CPU.Build.0 = Release|Any CPU
		{862AD7B1-985A-406C-ADEF-FD54141F25BE}.Debug|Any CPU.ActiveCfg = Debug|Any CPU
		{862AD7B1-985A-406C-ADEF-FD54141F25BE}.Debug|Any CPU.Build.0 = Debug|Any CPU
		{862AD7B1-985A-406C-ADEF-FD54141F25BE}.Release|Any CPU.ActiveCfg = Release|Any CPU
		{862AD7B1-985A-406C-ADEF-FD54141F25BE}.Release|Any CPU.Build.0 = Release|Any CPU
		{8D642B19-C9FD-41AB-9CCC-B5A83F38CB7F}.Debug|Any CPU.ActiveCfg = Debug|Any CPU
		{8D642B19-C9FD-41AB-9CCC-B5A83F38CB7F}.Debug|Any CPU.Build.0 = Debug|Any CPU
		{8D642B19-C9FD-41AB-9CCC-B5A83F38CB7F}.Release|Any CPU.ActiveCfg = Release|Any CPU
		{8D642B19-C9FD-41AB-9CCC-B5A83F38CB7F}.Release|Any CPU.Build.0 = Release|Any CPU
		{40CE6BA1-7C81-4265-8561-4C9524E8FC66}.Debug|Any CPU.ActiveCfg = Debug|Any CPU
		{40CE6BA1-7C81-4265-8561-4C9524E8FC66}.Debug|Any CPU.Build.0 = Debug|Any CPU
		{40CE6BA1-7C81-4265-8561-4C9524E8FC66}.Release|Any CPU.ActiveCfg = Release|Any CPU
		{40CE6BA1-7C81-4265-8561-4C9524E8FC66}.Release|Any CPU.Build.0 = Release|Any CPU
	EndGlobalSection
	GlobalSection(SolutionProperties) = preSolution
		HideSolutionNode = FALSE
	EndGlobalSection
	GlobalSection(ExtensibilityGlobals) = postSolution
		SolutionGuid = {84C5FE2C-20EE-41AF-AC0A-5C6EE09E60C9}
	EndGlobalSection
EndGlobal
